{
  "lockfileVersion": 1,
  "configVersion": 0,
  "workspaces": {
    "": {
      "name": "voice-recorder-spike",
      "dependencies": {
        "openai": "^7.15.0",
        "ws": "^8.21.3",
      },
    },
  },
  "packages": {
    "openai": ["openai@7.15.0", "", { "peerDependencies": { "@aws-sdk/credential-provider-node": ">=3.972.0 <4", "@smithy/hash-node": ">=4.3.0 <5", "@smithy/signature-v4": ">=5.4.0 <6", "undici": ">=5 <9", "ws": "^8.21.0", "zod": "^3.25 || ^4.0" }, "optionalPeers": ["@aws-sdk/credential-provider-node", "@smithy/hash-node", "@smithy/signature-v4", "undici", "zod"] }, "sha512-2DIwesnPSduw68MFx7nAdgvshrgvS8WOan5W8+tgUMlAy/tY+Q41g80Pa+w/v64rHA6rtn+dketa8QvMVxU96w=="],

    "ws": ["ws@8.21.3", "", { "peerDependencies": { "bufferutil": "^4.0.1", "utf-8-validate": ">=5.0.2" }, "optionalPeers": ["bufferutil", "utf-8-validate"] }, "sha512-201TZ/kPWxoPr/OKWjquZR1SWKXcvxdH+e1xrx89b3YbmzLMFCLfnaG1HFIgWzJOEWZ7MvpK++odZufgYR50Rw=="],
  }
}
